# operator-images.lock — generated by scripts/operator-images.py resolve, 2026-09-08T14:20:25Z
# Do not edit by hand: `check` (make validate) refuses a lock that disagrees with
# versions.env or with the digests written into the values / NicClusterPolicy.
# chart: gpu-operator v26.3.3 appVersion v26.3.3
# chart: network-operator v26.4.0 appVersion v26.4.0
# component	state	image:tag	digest	pin
gpu-operator/ccManager	disabled	nvcr.io/nvidia/cloud-native/k8s-cc-manager:v0.4.0	-	values:ccManager.version
gpu-operator/dcgm	disabled	nvcr.io/nvidia/cloud-native/dcgm:4.5.2-1-ubuntu22.04	-	values:dcgm.version
gpu-operator/dcgmExporter	enabled	nvcr.io/nvidia/k8s/dcgm-exporter:4.5.3-4.8.2-distroless	sha256:60d3b00ac80b4ae77f94dae2f943685605585ad9e92fdccda3154d009ae317cc	values:dcgmExporter.version
gpu-operator/devicePlugin	enabled	nvcr.io/nvidia/k8s-device-plugin:v0.19.3	sha256:25cc340fe6fd53c101e16fc452f503e7a92c219c64a80ed5381784b522dbbf77	values:devicePlugin.version
gpu-operator/driver.manager	conditional	nvcr.io/nvidia/cloud-native/k8s-driver-manager:v0.11.0	sha256:8aec215a8b159b0162b55e688065efd58ebfa848ebc999c1797221686ff1243d	values:driver.manager.version
gpu-operator/driver[ubuntu22.04]	conditional	nvcr.io/nvidia/driver:580.126.20-ubuntu22.04	sha256:a46cd39c941d3eb03a8f610503b37a595fd6a054a289100a6c16bf9602f7fb21	values:driver.version
gpu-operator/driver[ubuntu24.04]	conditional	nvcr.io/nvidia/driver:580.126.20-ubuntu24.04	sha256:16b9830998d2f2795fe72e760169b51bd4185e3b412ea3d0c4e46f453af2cc30	values:driver.version
gpu-operator/gdrcopy	disabled	nvcr.io/nvidia/cloud-native/gdrdrv:v2.5.2	-	values:gdrcopy.version
gpu-operator/gds	disabled	nvcr.io/nvidia/cloud-native/nvidia-fs:2.27.3	-	values:gds.version
gpu-operator/gfd	enabled	nvcr.io/nvidia/k8s-device-plugin:v0.19.3	sha256:25cc340fe6fd53c101e16fc452f503e7a92c219c64a80ed5381784b522dbbf77	values:gfd.version
gpu-operator/kataSandboxDevicePlugin	disabled	nvcr.io/nvidia/cloud-native/nvidia-sandbox-device-plugin:v0.0.3	-	values:kataSandboxDevicePlugin.version
gpu-operator/migManager	enabled	nvcr.io/nvidia/cloud-native/k8s-mig-manager:v0.14.2	sha256:313586bfa5c07601a83f310dd700db0007d489df2ad42bb52c611802cbb7a278	values:migManager.version
gpu-operator/nodeStatusExporter	disabled	nvcr.io/nvidia/gpu-operator:v26.3.3	-	values:nodeStatusExporter.version
gpu-operator/operator	enabled	nvcr.io/nvidia/gpu-operator:v26.3.3	sha256:6584c36f153d18cfce284f7e5bc477887ce3c1ac566dc795bd80c9af6c6488f7	tag-only
gpu-operator/sandboxDevicePlugin	disabled	nvcr.io/nvidia/kubevirt-gpu-device-plugin:v1.5.0	-	values:sandboxDevicePlugin.version
gpu-operator/toolkit	enabled	nvcr.io/nvidia/k8s/container-toolkit:v1.19.1	sha256:c927adbc9b7755c5cb90022fdcc5c1295f5fe5fe1f38200a2dc65e85632b029c	values:toolkit.version
gpu-operator/validator	enabled	nvcr.io/nvidia/gpu-operator:v26.3.3	sha256:6584c36f153d18cfce284f7e5bc477887ce3c1ac566dc795bd80c9af6c6488f7	values:validator.version
gpu-operator/vfioManager	disabled	nvcr.io/nvidia/cloud-native/k8s-driver-manager:v0.11.0	-	values:vfioManager.version
gpu-operator/vgpuDeviceManager	disabled	nvcr.io/nvidia/cloud-native/vgpu-device-manager:v0.4.2	-	values:vgpuDeviceManager.version
network-operator/ncp.rdmaSharedDevicePlugin	enabled	nvcr.io/nvidia/mellanox/k8s-rdma-shared-dev-plugin:network-operator-v26.4.0	sha256:c50fe96cfb2e32cf497f3723cc0b90f72582c2bc84b3593389dc14bc813a58fc	ncp:rdmaSharedDevicePlugin.version
network-operator/nfd	disabled	nvcr.io/nvidia/mellanox/node-feature-discovery:network-operator-v26.4.0	-	tag-only
network-operator/ofedDriver.initContainer	disabled	nvcr.io/nvidia/mellanox/network-operator-init-container:network-operator-v26.4.0	-	tag-only
network-operator/operator	enabled	nvcr.io/nvidia/cloud-native/network-operator:v26.4.0	sha256:07867535ee9853e9da28824e1334fe3577e5c843c6c54e372b6e86cae09bd0fd	tag-only
